
Microsoft Visual Studio Solution File, Format Version 12.00
# Visual Studio Version 16
VisualStudioVersion = 16.0.30804.86
MinimumVisualStudioVersion = 10.0.40219.1
Project("{FAE04EC0-301F-11D3-BF4B-00C04F79EFBC}") = "BuildingSecureApi.API", "BuildingSecureApi.API\BuildingSecureApi.API.csproj", "{2838D682-6D4F-413D-B64E-54D290FAF3E5}"
EndProject
Project("{FAE04EC0-301F-11D3-BF4B-00C04F79EFBC}") = "BuildingSecureApi.Domain", "..\BuildingSecureApi.Domain\BuildingSecureApi.Domain.csproj", "{8A232BD0-1902-43B3-8983-5A19F334E866}"
EndProject
Project("{FAE04EC0-301F-11D3-BF4B-00C04F79EFBC}") = "BuildingSecuredService.Client", "..\BuildingSecuredService.Client\BuildingSecuredService.Client.csproj", "{C9933139-73B7-4988-A781-714C7DA90C71}"
EndProject
Global
	GlobalSection(SolutionConfigurationPlatforms) = preSolution
		Debug|Any CPU = Debug|Any CPU
		Release|Any CPU = Release|Any CPU
	EndGlobalSection
	GlobalSection(ProjectConfigurationPlatforms) = postSolution
		{2838D682-6D4F-413D-B64E-54D290FAF3E5}.Debug|Any CPU.ActiveCfg = Debug|Any CPU
		{2838D682-6D4F-413D-B64E-54D290FAF3E5}.Debug|Any CPU.Build.0 = Debug|Any CPU
		{2838D682-6D4F-413D-B64E-54D290FAF3E5}.Release|Any CPU.ActiveCfg = Release|Any CPU
		{2838D682-6D4F-413D-B64E-54D290FAF3E5}.Release|Any CPU.Build.0 = Release|Any CPU
		{8A232BD0-1902-43B3-8983-5A19F334E866}.Debug|Any CPU.ActiveCfg = Debug|Any CPU
		{8A232BD0-1902-43B3-8983-5A19F334E866}.Debug|Any CPU.Build.0 = Debug|Any CPU
		{8A232BD0-1902-43B3-8983-5A19F334E866}.Release|Any CPU.ActiveCfg = Release|Any CPU
		{8A232BD0-1902-43B3-8983-5A19F334E866}.Release|Any CPU.Build.0 = Release|Any CPU
		{C9933139-73B7-4988-A781-714C7DA90C71}.Debug|Any CPU.ActiveCfg = Debug|Any CPU
		{C9933139-73B7-4988-A781-714C7DA90C71}.Debug|Any CPU.Build.0 = Debug|Any CPU
		{C9933139-73B7-4988-A781-714C7DA90C71}.Release|Any CPU.ActiveCfg = Release|Any CPU
		{C9933139-73B7-4988-A781-714C7DA90C71}.Release|Any CPU.Build.0 = Release|Any CPU
	EndGlobalSection
	GlobalSection(SolutionProperties) = preSolution
		HideSolutionNode = FALSE
	EndGlobalSection
	GlobalSection(ExtensibilityGlobals) = postSolution
		SolutionGuid = {41E25417-268F-4D79-A112-7F19B72E7E1F}
	EndGlobalSection
EndGlobal
